
Microsoft Visual Studio Solution File, Format Version 12.00
# Visual Studio Version 17
VisualStudioVersion = 17.14.36915.13 d17.14
MinimumVisualStudioVersion = 10.0.40219.1
Project("{FAE04EC0-301F-11D3-BF4B-00C04F79EFBC}") = "Assignment-2", "Assignment-2\Assignment-2.csproj", "{64BE40BA-8840-464F-BEC7-E9EC0A6FD7A0}"
EndProject
Global
	GlobalSection(SolutionConfigurationPlatforms) = preSolution
		Debug|Any CPU = Debug|Any CPU
		Release|Any CPU = Release|Any CPU
	EndGlobalSection
	GlobalSection(ProjectConfigurationPlatforms) = postSolution
		{64BE40BA-8840-464F-BEC7-E9EC0A6FD7A0}.Debug|Any CPU.ActiveCfg = Debug|Any CPU
		{64BE40BA-8840-464F-BEC7-E9EC0A6FD7A0}.Debug|Any CPU.Build.0 = Debug|Any CPU
		{64BE40BA-8840-464F-BEC7-E9EC0A6FD7A0}.Release|Any CPU.ActiveCfg = Release|Any CPU
		{64BE40BA-8840-464F-BEC7-E9EC0A6FD7A0}.Release|Any CPU.Build.0 = Release|Any CPU
	EndGlobalSection
	GlobalSection(SolutionProperties) = preSolution
		HideSolutionNode = FALSE
	EndGlobalSection
	GlobalSection(ExtensibilityGlobals) = postSolution
		SolutionGuid = {96163825-CC4B-4F42-81EE-AB87471769ED}
	EndGlobalSection
EndGlobal
