
Microsoft Visual Studio Solution File, Format Version 12.00
# Visual Studio Version 17
VisualStudioVersion = 17.14.36915.13 d17.14
MinimumVisualStudioVersion = 10.0.40219.1
Project("{FAE04EC0-301F-11D3-BF4B-00C04F79EFBC}") = "Day-8 Assignments", "Day-8 Assignments\Day-8 Assignments.csproj", "{A1245A09-9ACA-4E13-9F44-549A30E7537D}"
EndProject
Project("{FAE04EC0-301F-11D3-BF4B-00C04F79EFBC}") = "Assignment-1", "Assignment-1\Assignment-1.csproj", "{D4C61B56-8A1A-4F24-B656-409784C4FC5D}"
EndProject
Global
	GlobalSection(SolutionConfigurationPlatforms) = preSolution
		Debug|Any CPU = Debug|Any CPU
		Release|Any CPU = Release|Any CPU
	EndGlobalSection
	GlobalSection(ProjectConfigurationPlatforms) = postSolution
		{A1245A09-9ACA-4E13-9F44-549A30E7537D}.Debug|Any CPU.ActiveCfg = Debug|Any CPU
		{A1245A09-9ACA-4E13-9F44-549A30E7537D}.Debug|Any CPU.Build.0 = Debug|Any CPU
		{A1245A09-9ACA-4E13-9F44-549A30E7537D}.Release|Any CPU.ActiveCfg = Release|Any CPU
		{A1245A09-9ACA-4E13-9F44-549A30E7537D}.Release|Any CPU.Build.0 = Release|Any CPU
		{D4C61B56-8A1A-4F24-B656-409784C4FC5D}.Debug|Any CPU.ActiveCfg = Debug|Any CPU
		{D4C61B56-8A1A-4F24-B656-409784C4FC5D}.Debug|Any CPU.Build.0 = Debug|Any CPU
		{D4C61B56-8A1A-4F24-B656-409784C4FC5D}.Release|Any CPU.ActiveCfg = Release|Any CPU
		{D4C61B56-8A1A-4F24-B656-409784C4FC5D}.Release|Any CPU.Build.0 = Release|Any CPU
	EndGlobalSection
	GlobalSection(SolutionProperties) = preSolution
		HideSolutionNode = FALSE
	EndGlobalSection
	GlobalSection(ExtensibilityGlobals) = postSolution
		SolutionGuid = {4B5E68E4-0303-4485-8572-2FC983AF5D12}
	EndGlobalSection
EndGlobal
