
Microsoft Visual Studio Solution File, Format Version 12.00
# Visual Studio Version 17
VisualStudioVersion = 17.14.36915.13 d17.14
MinimumVisualStudioVersion = 10.0.40219.1
Project("{FAE04EC0-301F-11D3-BF4B-00C04F79EFBC}") = "RazorPages", "RazorPages\RazorPages.csproj", "{9C953B10-ADE7-4429-A33A-3E616FD0CDC5}"
EndProject
Project("{FAE04EC0-301F-11D3-BF4B-00C04F79EFBC}") = "WebApplication1", "WebApplication1\WebApplication1.csproj", "{6FC7D029-D790-4184-9FD2-A8D5D6A5D9CC}"
EndProject
Project("{FAE04EC0-301F-11D3-BF4B-00C04F79EFBC}") = "MVCApp", "MVCApp\MVCApp.csproj", "{0824E1FA-B86C-474E-B4DC-F1820AC502B3}"
EndProject
Global
	GlobalSection(SolutionConfigurationPlatforms) = preSolution
		Debug|Any CPU = Debug|Any CPU
		Release|Any CPU = Release|Any CPU
	EndGlobalSection
	GlobalSection(ProjectConfigurationPlatforms) = postSolution
		{9C953B10-ADE7-4429-A33A-3E616FD0CDC5}.Debug|Any CPU.ActiveCfg = Debug|Any CPU
		{9C953B10-ADE7-4429-A33A-3E616FD0CDC5}.Debug|Any CPU.Build.0 = Debug|Any CPU
		{9C953B10-ADE7-4429-A33A-3E616FD0CDC5}.Release|Any CPU.ActiveCfg = Release|Any CPU
		{9C953B10-ADE7-4429-A33A-3E616FD0CDC5}.Release|Any CPU.Build.0 = Release|Any CPU
		{6FC7D029-D790-4184-9FD2-A8D5D6A5D9CC}.Debug|Any CPU.ActiveCfg = Debug|Any CPU
		{6FC7D029-D790-4184-9FD2-A8D5D6A5D9CC}.Debug|Any CPU.Build.0 = Debug|Any CPU
		{6FC7D029-D790-4184-9FD2-A8D5D6A5D9CC}.Release|Any CPU.ActiveCfg = Release|Any CPU
		{6FC7D029-D790-4184-9FD2-A8D5D6A5D9CC}.Release|Any CPU.Build.0 = Release|Any CPU
		{0824E1FA-B86C-474E-B4DC-F1820AC502B3}.Debug|Any CPU.ActiveCfg = Debug|Any CPU
		{0824E1FA-B86C-474E-B4DC-F1820AC502B3}.Debug|Any CPU.Build.0 = Debug|Any CPU
		{0824E1FA-B86C-474E-B4DC-F1820AC502B3}.Release|Any CPU.ActiveCfg = Release|Any CPU
		{0824E1FA-B86C-474E-B4DC-F1820AC502B3}.Release|Any CPU.Build.0 = Release|Any CPU
	EndGlobalSection
	GlobalSection(SolutionProperties) = preSolution
		HideSolutionNode = FALSE
	EndGlobalSection
	GlobalSection(ExtensibilityGlobals) = postSolution
		SolutionGuid = {24CC5555-5DB9-40AD-9669-902B364668E6}
	EndGlobalSection
EndGlobal
