
Microsoft Visual Studio Solution File, Format Version 12.00
# Visual Studio Version 17
VisualStudioVersion = 17.14.36915.13 d17.14
MinimumVisualStudioVersion = 10.0.40219.1
Project("{FAE04EC0-301F-11D3-BF4B-00C04F79EFBC}") = "Assignment-1 Practice Programs for C#", "Assignment-1 Practice Programs for C#\Assignment-1 Practice Programs for C#.csproj", "{239321A0-6A07-4B46-91BD-651584E7B789}"
EndProject
Global
	GlobalSection(SolutionConfigurationPlatforms) = preSolution
		Debug|Any CPU = Debug|Any CPU
		Release|Any CPU = Release|Any CPU
	EndGlobalSection
	GlobalSection(ProjectConfigurationPlatforms) = postSolution
		{239321A0-6A07-4B46-91BD-651584E7B789}.Debug|Any CPU.ActiveCfg = Debug|Any CPU
		{239321A0-6A07-4B46-91BD-651584E7B789}.Debug|Any CPU.Build.0 = Debug|Any CPU
		{239321A0-6A07-4B46-91BD-651584E7B789}.Release|Any CPU.ActiveCfg = Release|Any CPU
		{239321A0-6A07-4B46-91BD-651584E7B789}.Release|Any CPU.Build.0 = Release|Any CPU
	EndGlobalSection
	GlobalSection(SolutionProperties) = preSolution
		HideSolutionNode = FALSE
	EndGlobalSection
	GlobalSection(ExtensibilityGlobals) = postSolution
		SolutionGuid = {EE7577F4-1BFD-4A5E-9150-009A733DB828}
	EndGlobalSection
EndGlobal
