
Microsoft Visual Studio Solution File, Format Version 12.00
# Visual Studio Version 17
VisualStudioVersion = 17.14.36915.13 d17.14
MinimumVisualStudioVersion = 10.0.40219.1
Project("{FAE04EC0-301F-11D3-BF4B-00C04F79EFBC}") = "Day-11Assignments", "Day-11Assignments\Day-11Assignments.csproj", "{4F7D3FE6-8A06-42F7-9271-2853A0FF3C2C}"
EndProject
Global
	GlobalSection(SolutionConfigurationPlatforms) = preSolution
		Debug|Any CPU = Debug|Any CPU
		Release|Any CPU = Release|Any CPU
	EndGlobalSection
	GlobalSection(ProjectConfigurationPlatforms) = postSolution
		{4F7D3FE6-8A06-42F7-9271-2853A0FF3C2C}.Debug|Any CPU.ActiveCfg = Debug|Any CPU
		{4F7D3FE6-8A06-42F7-9271-2853A0FF3C2C}.Debug|Any CPU.Build.0 = Debug|Any CPU
		{4F7D3FE6-8A06-42F7-9271-2853A0FF3C2C}.Release|Any CPU.ActiveCfg = Release|Any CPU
		{4F7D3FE6-8A06-42F7-9271-2853A0FF3C2C}.Release|Any CPU.Build.0 = Release|Any CPU
	EndGlobalSection
	GlobalSection(SolutionProperties) = preSolution
		HideSolutionNode = FALSE
	EndGlobalSection
	GlobalSection(ExtensibilityGlobals) = postSolution
		SolutionGuid = {3CBAC68D-5677-4E85-95F3-530A47B6276E}
	EndGlobalSection
EndGlobal
