
Microsoft Visual Studio Solution File, Format Version 12.00
# Visual Studio Version 17
VisualStudioVersion = 17.14.36915.13 d17.14
MinimumVisualStudioVersion = 10.0.40219.1
Project("{FAE04EC0-301F-11D3-BF4B-00C04F79EFBC}") = "Weekly-Assignment-7", "Weekly-Assignment-7\Weekly-Assignment-7.csproj", "{40303814-45DF-47E5-BFF9-797E2159D041}"
EndProject
Global
	GlobalSection(SolutionConfigurationPlatforms) = preSolution
		Debug|Any CPU = Debug|Any CPU
		Release|Any CPU = Release|Any CPU
	EndGlobalSection
	GlobalSection(ProjectConfigurationPlatforms) = postSolution
		{40303814-45DF-47E5-BFF9-797E2159D041}.Debug|Any CPU.ActiveCfg = Debug|Any CPU
		{40303814-45DF-47E5-BFF9-797E2159D041}.Debug|Any CPU.Build.0 = Debug|Any CPU
		{40303814-45DF-47E5-BFF9-797E2159D041}.Release|Any CPU.ActiveCfg = Release|Any CPU
		{40303814-45DF-47E5-BFF9-797E2159D041}.Release|Any CPU.Build.0 = Release|Any CPU
	EndGlobalSection
	GlobalSection(SolutionProperties) = preSolution
		HideSolutionNode = FALSE
	EndGlobalSection
	GlobalSection(ExtensibilityGlobals) = postSolution
		SolutionGuid = {B4593154-C533-4899-929B-F8658A7CF791}
	EndGlobalSection
EndGlobal
