
Microsoft Visual Studio Solution File, Format Version 12.00
# Visual Studio Version 17
VisualStudioVersion = 17.14.36915.13 d17.14
MinimumVisualStudioVersion = 10.0.40219.1
Project("{FAE04EC0-301F-11D3-BF4B-00C04F79EFBC}") = "Day-15-Role_Based_Authorization", "Day-15-Role_Based_Authorization\Day-15-Role_Based_Authorization.csproj", "{2C9BF06F-2157-4FB5-B154-26D586C793A8}"
EndProject
Global
	GlobalSection(SolutionConfigurationPlatforms) = preSolution
		Debug|Any CPU = Debug|Any CPU
		Release|Any CPU = Release|Any CPU
	EndGlobalSection
	GlobalSection(ProjectConfigurationPlatforms) = postSolution
		{2C9BF06F-2157-4FB5-B154-26D586C793A8}.Debug|Any CPU.ActiveCfg = Debug|Any CPU
		{2C9BF06F-2157-4FB5-B154-26D586C793A8}.Debug|Any CPU.Build.0 = Debug|Any CPU
		{2C9BF06F-2157-4FB5-B154-26D586C793A8}.Release|Any CPU.ActiveCfg = Release|Any CPU
		{2C9BF06F-2157-4FB5-B154-26D586C793A8}.Release|Any CPU.Build.0 = Release|Any CPU
	EndGlobalSection
	GlobalSection(SolutionProperties) = preSolution
		HideSolutionNode = FALSE
	EndGlobalSection
	GlobalSection(ExtensibilityGlobals) = postSolution
		SolutionGuid = {DB5B6A6B-F566-479B-A70E-FF58A7C53D00}
	EndGlobalSection
EndGlobal
