
Microsoft Visual Studio Solution File, Format Version 12.00
# Visual Studio Version 17
VisualStudioVersion = 17.14.36915.13 d17.14
MinimumVisualStudioVersion = 10.0.40219.1
Project("{FAE04EC0-301F-11D3-BF4B-00C04F79EFBC}") = "Day-14-Assignment(Authentication-Authorization)", "Day-14-Assignment(Authentication-Authorization)\Day-14-Assignment(Authentication-Authorization).csproj", "{27BCEC4D-DCF3-40E0-8075-0797CCF1C337}"
EndProject
Global
	GlobalSection(SolutionConfigurationPlatforms) = preSolution
		Debug|Any CPU = Debug|Any CPU
		Release|Any CPU = Release|Any CPU
	EndGlobalSection
	GlobalSection(ProjectConfigurationPlatforms) = postSolution
		{27BCEC4D-DCF3-40E0-8075-0797CCF1C337}.Debug|Any CPU.ActiveCfg = Debug|Any CPU
		{27BCEC4D-DCF3-40E0-8075-0797CCF1C337}.Debug|Any CPU.Build.0 = Debug|Any CPU
		{27BCEC4D-DCF3-40E0-8075-0797CCF1C337}.Release|Any CPU.ActiveCfg = Release|Any CPU
		{27BCEC4D-DCF3-40E0-8075-0797CCF1C337}.Release|Any CPU.Build.0 = Release|Any CPU
	EndGlobalSection
	GlobalSection(SolutionProperties) = preSolution
		HideSolutionNode = FALSE
	EndGlobalSection
	GlobalSection(ExtensibilityGlobals) = postSolution
		SolutionGuid = {F331ECA7-6EED-414B-822D-1956C2A84AE1}
	EndGlobalSection
EndGlobal
